
Microsoft Visual Studio Solution File, Format Version 12.00
Project("{FAE04EC0-301F-11D3-BF4B-00C04F79EFBC}") = "Course", "Course\Course.csproj", "{94EE4809-39B2-464A-9CDC-B52678772381}"
EndProject
Global
	GlobalSection(SolutionConfigurationPlatforms) = preSolution
		Debug|Any CPU = Debug|Any CPU
		Release|Any CPU = Release|Any CPU
	EndGlobalSection
	GlobalSection(ProjectConfigurationPlatforms) = postSolution
		{94EE4809-39B2-464A-9CDC-B52678772381}.Debug|Any CPU.ActiveCfg = Debug|Any CPU
		{94EE4809-39B2-464A-9CDC-B52678772381}.Debug|Any CPU.Build.0 = Debug|Any CPU
		{94EE4809-39B2-464A-9CDC-B52678772381}.Release|Any CPU.ActiveCfg = Release|Any CPU
		{94EE4809-39B2-464A-9CDC-B52678772381}.Release|Any CPU.Build.0 = Release|Any CPU
	EndGlobalSection
EndGlobal
